
Microsoft Visual Studio Solution File, Format Version 12.00
# Visual Studio Version 17
VisualStudioVersion = 17.10.35027.167
MinimumVisualStudioVersion = 10.0.40219.1
Project("{9A19103F-16F7-4668-BE54-9A1E7A4F7556}") = "GenetousSDKCore", "GenetousSDKCore.csproj", "{D3C8081E-D264-4923-8E08-4CE0470AFB2B}"
EndProject
Project("{FAE04EC0-301F-11D3-BF4B-00C04F79EFBC}") = "SDKCoreTest", "..\SDKCoreTest\SDKCoreTest.csproj", "{E9293EAB-A7CA-46E6-8A17-E443178EB3A1}"
EndProject
Global
	GlobalSection(SolutionConfigurationPlatforms) = preSolution
		Debug|Any CPU = Debug|Any CPU
		Release|Any CPU = Release|Any CPU
	EndGlobalSection
	GlobalSection(ProjectConfigurationPlatforms) = postSolution
		{D3C8081E-D264-4923-8E08-4CE0470AFB2B}.Debug|Any CPU.ActiveCfg = Debug|Any CPU
		{D3C8081E-D264-4923-8E08-4CE0470AFB2B}.Debug|Any CPU.Build.0 = Debug|Any CPU
		{D3C8081E-D264-4923-8E08-4CE0470AFB2B}.Release|Any CPU.ActiveCfg = Release|Any CPU
		{D3C8081E-D264-4923-8E08-4CE0470AFB2B}.Release|Any CPU.Build.0 = Release|Any CPU
		{E9293EAB-A7CA-46E6-8A17-E443178EB3A1}.Debug|Any CPU.ActiveCfg = Debug|Any CPU
		{E9293EAB-A7CA-46E6-8A17-E443178EB3A1}.Debug|Any CPU.Build.0 = Debug|Any CPU
		{E9293EAB-A7CA-46E6-8A17-E443178EB3A1}.Release|Any CPU.ActiveCfg = Release|Any CPU
		{E9293EAB-A7CA-46E6-8A17-E443178EB3A1}.Release|Any CPU.Build.0 = Release|Any CPU
	EndGlobalSection
	GlobalSection(SolutionProperties) = preSolution
		HideSolutionNode = FALSE
	EndGlobalSection
	GlobalSection(ExtensibilityGlobals) = postSolution
		SolutionGuid = {B45023B2-E55E-40CE-839F-1A81E289B3AA}
	EndGlobalSection
EndGlobal
